// !$*UTF8*$!
{
	archiveVersion = 1;
	classes = {
	};
	objectVersion = 50;
	objects = {

/* Begin PBXBuildFile section */
		0D4CE81A23F1E80900B713F3 /* explode.png in Resources */ = {isa = PBXBuildFile; fileRef = 0D4CE81923F1E80900B713F3 /* explode.png */; };
		0D7B139D23F45E930006F8AC /* SplashscreenViewController.swift in Sources */ = {isa = PBXBuildFile; fileRef = 0D7B139C23F45E930006F8AC /* SplashscreenViewController.swift */; };
		0D7B139F23F45F050006F8AC /* MenuViewController.swift in Sources */ = {isa = PBXBuildFile; fileRef = 0D7B139E23F45F050006F8AC /* MenuViewController.swift */; };
		0D7B13A123F470AC0006F8AC /* AddPlayerViewController.swift in Sources */ = {isa = PBXBuildFile; fileRef = 0D7B13A023F470AC0006F8AC /* AddPlayerViewController.swift */; };
		0D7B13A323F476980006F8AC /* ScoreBoardViewController.swift in Sources */ = {isa = PBXBuildFile; fileRef = 0D7B13A223F476980006F8AC /* ScoreBoardViewController.swift */; };
		0D9681C823ECD2B600AB0F9A /* AppDelegate.swift in Sources */ = {isa = PBXBuildFile; fileRef = 0D9681C723ECD2B600AB0F9A /* AppDelegate.swift */; };
		0D9681CA23ECD2B600AB0F9A /* GameScene.sks in Resources */ = {isa = PBXBuildFile; fileRef = 0D9681C923ECD2B600AB0F9A /* GameScene.sks */; };
		0D9681CC23ECD2B600AB0F9A /* Actions.sks in Resources */ = {isa = PBXBuildFile; fileRef = 0D9681CB23ECD2B600AB0F9A /* Actions.sks */; };
		0D9681CE23ECD2B600AB0F9A /* GameScene.swift in Sources */ = {isa = PBXBuildFile; fileRef = 0D9681CD23ECD2B600AB0F9A /* GameScene.swift */; };
		0D9681D023ECD2B600AB0F9A /* GameViewController.swift in Sources */ = {isa = PBXBuildFile; fileRef = 0D9681CF23ECD2B600AB0F9A /* GameViewController.swift */; };
		0D9681D323ECD2B600AB0F9A /* Main.storyboard in Resources */ = {isa = PBXBuildFile; fileRef = 0D9681D123ECD2B600AB0F9A /* Main.storyboard */; };
		0D9681D523ECD2B800AB0F9A /* Assets.xcassets in Resources */ = {isa = PBXBuildFile; fileRef = 0D9681D423ECD2B800AB0F9A /* Assets.xcassets */; };
		0D9681D823ECD2B800AB0F9A /* LaunchScreen.storyboard in Resources */ = {isa = PBXBuildFile; fileRef = 0D9681D623ECD2B800AB0F9A /* LaunchScreen.storyboard */; };
		0D9681E023ECD4A500AB0F9A /* fire.png in Resources */ = {isa = PBXBuildFile; fileRef = 0D9681DF23ECD4A500AB0F9A /* fire.png */; };
		0D9681E223ECD4B300AB0F9A /* player.jpg in Resources */ = {isa = PBXBuildFile; fileRef = 0D9681E123ECD4B300AB0F9A /* player.jpg */; };
		0D9681E423ECD4CA00AB0F9A /* monster.png in Resources */ = {isa = PBXBuildFile; fileRef = 0D9681E323ECD4CA00AB0F9A /* monster.png */; };
		0D9681E823ECE94500AB0F9A /* background-music-aac.caf in Resources */ = {isa = PBXBuildFile; fileRef = 0D9681E623ECE94500AB0F9A /* background-music-aac.caf */; };
		0D9681E923ECE94500AB0F9A /* pew-pew-lei.caf in Resources */ = {isa = PBXBuildFile; fileRef = 0D9681E723ECE94500AB0F9A /* pew-pew-lei.caf */; };
		0D9681EB23ECE9DF00AB0F9A /* GameOverScene.swift in Sources */ = {isa = PBXBuildFile; fileRef = 0D9681EA23ECE9DF00AB0F9A /* GameOverScene.swift */; };
		0D9681ED23ECF66F00AB0F9A /* black.jpg in Resources */ = {isa = PBXBuildFile; fileRef = 0D9681EC23ECF66F00AB0F9A /* black.jpg */; };
/* End PBXBuildFile section */

/* Begin PBXFileReference section */
		0D4CE81923F1E80900B713F3 /* explode.png */ = {isa = PBXFileReference; lastKnownFileType = image.png; path = explode.png; sourceTree = "<group>"; };
		0D7B139C23F45E930006F8AC /* SplashscreenViewController.swift */ = {isa = PBXFileReference; lastKnownFileType = sourcecode.swift; path = SplashscreenViewController.swift; sourceTree = "<group>"; };
		0D7B139E23F45F050006F8AC /* MenuViewController.swift */ = {isa = PBXFileReference; lastKnownFileType = sourcecode.swift; path = MenuViewController.swift; sourceTree = "<group>"; };
		0D7B13A023F470AC0006F8AC /* AddPlayerViewController.swift */ = {isa = PBXFileReference; lastKnownFileType = sourcecode.swift; path = AddPlayerViewController.swift; sourceTree = "<group>"; };
		0D7B13A223F476980006F8AC /* ScoreBoardViewController.swift */ = {isa = PBXFileReference; lastKnownFileType = sourcecode.swift; path = ScoreBoardViewController.swift; sourceTree = "<group>"; };
		0D9681C423ECD2B600AB0F9A /* Jagmeet_kaur_Assignment_1.app */ = {isa = PBXFileReference; explicitFileType = wrapper.application; includeInIndex = 0; path = Jagmeet_kaur_Assignment_1.app; sourceTree = BUILT_PRODUCTS_DIR; };
		0D9681C723ECD2B600AB0F9A /* AppDelegate.swift */ = {isa = PBXFileReference; lastKnownFileType = sourcecode.swift; path = AppDelegate.swift; sourceTree = "<group>"; };
		0D9681C923ECD2B600AB0F9A /* GameScene.sks */ = {isa = PBXFileReference; lastKnownFileType = file.sks; path = GameScene.sks; sourceTree = "<group>"; };
		0D9681CB23ECD2B600AB0F9A /* Actions.sks */ = {isa = PBXFileReference; lastKnownFileType = file.sks; path = Actions.sks; sourceTree = "<group>"; };
		0D9681CD23ECD2B600AB0F9A /* GameScene.swift */ = {isa = PBXFileReference; lastKnownFileType = sourcecode.swift; path = GameScene.swift; sourceTree = "<group>"; };
		0D9681CF23ECD2B600AB0F9A /* GameViewController.swift */ = {isa = PBXFileReference; lastKnownFileType = sourcecode.swift; path = GameViewController.swift; sourceTree = "<group>"; };
		0D9681D223ECD2B600AB0F9A /* Base */ = {isa = PBXFileReference; lastKnownFileType = file.storyboard; name = Base; path = Base.lproj/Main.storyboard; sourceTree = "<group>"; };
		0D9681D423ECD2B800AB0F9A /* Assets.xcassets */ = {isa = PBXFileReference; lastKnownFileType = folder.assetcatalog; path = Assets.xcassets; sourceTree = "<group>"; };
		0D9681D723ECD2B800AB0F9A /* Base */ = {isa = PBXFileReference; lastKnownFileType = file.storyboard; name = Base; path = Base.lproj/LaunchScreen.storyboard; sourceTree = "<group>"; };
		0D9681D923ECD2B800AB0F9A /* Info.plist */ = {isa = PBXFileReference; lastKnownFileType = text.plist.xml; path = Info.plist; sourceTree = "<group>"; };
		0D9681DF23ECD4A500AB0F9A /* fire.png */ = {isa = PBXFileReference; lastKnownFileType = image.png; path = fire.png; sourceTree = "<group>"; };
		0D9681E123ECD4B300AB0F9A /* player.jpg */ = {isa = PBXFileReference; lastKnownFileType = image.jpeg; path = player.jpg; sourceTree = "<group>"; };
		0D9681E323ECD4CA00AB0F9A /* monster.png */ = {isa = PBXFileReference; lastKnownFileType = image.png; path = monster.png; sourceTree = "<group>"; };
		0D9681E623ECE94500AB0F9A /* background-music-aac.caf */ = {isa = PBXFileReference; lastKnownFileType = file; path = "background-music-aac.caf"; sourceTree = "<group>"; };
		0D9681E723ECE94500AB0F9A /* pew-pew-lei.caf */ = {isa = PBXFileReference; lastKnownFileType = file; path = "pew-pew-lei.caf"; sourceTree = "<group>"; };
		0D9681EA23ECE9DF00AB0F9A /* GameOverScene.swift */ = {isa = PBXFileReference; lastKnownFileType = sourcecode.swift; path = GameOverScene.swift; sourceTree = "<group>"; };
		0D9681EC23ECF66F00AB0F9A /* black.jpg */ = {isa = PBXFileReference; lastKnownFileType = image.jpeg; path = black.jpg; sourceTree = "<group>"; };
/* End PBXFileReference section */

/* Begin PBXFrameworksBuildPhase section */
		0D9681C123ECD2B600AB0F9A /* Frameworks */ = {
			isa = PBXFrameworksBuildPhase;
			buildActionMask = 2147483647;
			files = (
			);
			runOnlyForDeploymentPostprocessing = 0;
		};
/* End PBXFrameworksBuildPhase section */

/* Begin PBXGroup section */
		0D9681BB23ECD2B600AB0F9A = {
			isa = PBXGroup;
			children = (
				0D9681C623ECD2B600AB0F9A /* Jagmeet_kaur_Assignment_1 */,
				0D9681C523ECD2B600AB0F9A /* Products */,
			);
			sourceTree = "<group>";
		};
		0D9681C523ECD2B600AB0F9A /* Products */ = {
			isa = PBXGroup;
			children = (
				0D9681C423ECD2B600AB0F9A /* Jagmeet_kaur_Assignment_1.app */,
			);
			name = Products;
			sourceTree = "<group>";
		};
		0D9681C623ECD2B600AB0F9A /* Jagmeet_kaur_Assignment_1 */ = {
			isa = PBXGroup;
			children = (
				0D9681E523ECE94500AB0F9A /* Sounds */,
				0D9681C723ECD2B600AB0F9A /* AppDelegate.swift */,
				0D9681C923ECD2B600AB0F9A /* GameScene.sks */,
				0D9681CB23ECD2B600AB0F9A /* Actions.sks */,
				0D9681CD23ECD2B600AB0F9A /* GameScene.swift */,
				0D9681DF23ECD4A500AB0F9A /* fire.png */,
				0D9681E123ECD4B300AB0F9A /* player.jpg */,
				0D9681E323ECD4CA00AB0F9A /* monster.png */,
				0D9681EC23ECF66F00AB0F9A /* black.jpg */,
				0D9681CF23ECD2B600AB0F9A /* GameViewController.swift */,
				0D9681D123ECD2B600AB0F9A /* Main.storyboard */,
				0D9681D423ECD2B800AB0F9A /* Assets.xcassets */,
				0D4CE81923F1E80900B713F3 /* explode.png */,
				0D9681D623ECD2B800AB0F9A /* LaunchScreen.storyboard */,
				0D9681D923ECD2B800AB0F9A /* Info.plist */,
				0D9681EA23ECE9DF00AB0F9A /* GameOverScene.swift */,
				0D7B139C23F45E930006F8AC /* SplashscreenViewController.swift */,
				0D7B139E23F45F050006F8AC /* MenuViewController.swift */,
				0D7B13A023F470AC0006F8AC /* AddPlayerViewController.swift */,
				0D7B13A223F476980006F8AC /* ScoreBoardViewController.swift */,
			);
			path = Jagmeet_kaur_Assignment_1;
			sourceTree = "<group>";
		};
		0D9681E523ECE94500AB0F9A /* Sounds */ = {
			isa = PBXGroup;
			children = (
				0D9681E623ECE94500AB0F9A /* background-music-aac.caf */,
				0D9681E723ECE94500AB0F9A /* pew-pew-lei.caf */,
			);
			path = Sounds;
			sourceTree = "<group>";
		};
/* End PBXGroup section */

/* Begin PBXNativeTarget section */
		0D9681C323ECD2B600AB0F9A /* Jagmeet_kaur_Assignment_1 */ = {
			isa = PBXNativeTarget;
			buildConfigurationList = 0D9681DC23ECD2B800AB0F9A /* Build configuration list for PBXNativeTarget "Jagmeet_kaur_Assignment_1" */;
			buildPhases = (
				0D9681C023ECD2B600AB0F9A /* Sources */,
				0D9681C123ECD2B600AB0F9A /* Frameworks */,
				0D9681C223ECD2B600AB0F9A /* Resources */,
			);
			buildRules = (
			);
			dependencies = (
			);
			name = Jagmeet_kaur_Assignment_1;
			productName = Jagmeet_kaur_Assignment_1;
			productReference = 0D9681C423ECD2B600AB0F9A /* Jagmeet_kaur_Assignment_1.app */;
			productType = "com.apple.product-type.application";
		};
/* End PBXNativeTarget section */

/* Begin PBXProject section */
		0D9681BC23ECD2B600AB0F9A /* Project object */ = {
			isa = PBXProject;
			attributes = {
				LastSwiftUpdateCheck = 1130;
				LastUpgradeCheck = 1130;
				ORGANIZATIONNAME = "Jagmeet Kaur";
				TargetAttributes = {
					0D9681C323ECD2B600AB0F9A = {
						CreatedOnToolsVersion = 11.3.1;
					};
				};
			};
			buildConfigurationList = 0D9681BF23ECD2B600AB0F9A /* Build configuration list for PBXProject "Jagmeet_kaur_Assignment_1" */;
			compatibilityVersion = "Xcode 9.3";
			developmentRegion = en;
			hasScannedForEncodings = 0;
			knownRegions = (
				en,
				Base,
			);
			mainGroup = 0D9681BB23ECD2B600AB0F9A;
			productRefGroup = 0D9681C523ECD2B600AB0F9A /* Products */;
			projectDirPath = "";
			projectRoot = "";
			targets = (
				0D9681C323ECD2B600AB0F9A /* Jagmeet_kaur_Assignment_1 */,
			);
		};
/* End PBXProject section */

/* Begin PBXResourcesBuildPhase section */
		0D9681C223ECD2B600AB0F9A /* Resources */ = {
			isa = PBXResourcesBuildPhase;
			buildActionMask = 2147483647;
			files = (
				0D9681D323ECD2B600AB0F9A /* Main.storyboard in Resources */,
				0D9681CA23ECD2B600AB0F9A /* GameScene.sks in Resources */,
				0D9681E823ECE94500AB0F9A /* background-music-aac.caf in Resources */,
				0D9681E923ECE94500AB0F9A /* pew-pew-lei.caf in Resources */,
				0D9681D523ECD2B800AB0F9A /* Assets.xcassets in Resources */,
				0D9681D823ECD2B800AB0F9A /* LaunchScreen.storyboard in Resources */,
				0D9681E423ECD4CA00AB0F9A /* monster.png in Resources */,
				0D9681CC23ECD2B600AB0F9A /* Actions.sks in Resources */,
				0D9681ED23ECF66F00AB0F9A /* black.jpg in Resources */,
				0D9681E223ECD4B300AB0F9A /* player.jpg in Resources */,
				0D9681E023ECD4A500AB0F9A /* fire.png in Resources */,
				0D4CE81A23F1E80900B713F3 /* explode.png in Resources */,
			);
			runOnlyForDeploymentPostprocessing = 0;
		};
/* End PBXResourcesBuildPhase section */

/* Begin PBXSourcesBuildPhase section */
		0D9681C023ECD2B600AB0F9A /* Sources */ = {
			isa = PBXSourcesBuildPhase;
			buildActionMask = 2147483647;
			files = (
				0D7B13A123F470AC0006F8AC /* AddPlayerViewController.swift in Sources */,
				0D9681CE23ECD2B600AB0F9A /* GameScene.swift in Sources */,
				0D7B139F23F45F050006F8AC /* MenuViewController.swift in Sources */,
				0D9681D023ECD2B600AB0F9A /* GameViewController.swift in Sources */,
				0D7B13A323F476980006F8AC /* ScoreBoardViewController.swift in Sources */,
				0D9681EB23ECE9DF00AB0F9A /* GameOverScene.swift in Sources */,
				0D7B139D23F45E930006F8AC /* SplashscreenViewController.swift in Sources */,
				0D9681C823ECD2B600AB0F9A /* AppDelegate.swift in Sources */,
			);
			runOnlyForDeploymentPostprocessing = 0;
		};
/* End PBXSourcesBuildPhase section */

/* Begin PBXVariantGroup section */
		0D9681D123ECD2B600AB0F9A /* Main.storyboard */ = {
			isa = PBXVariantGroup;
			children = (
				0D9681D223ECD2B600AB0F9A /* Base */,
			);
			name = Main.storyboard;
			sourceTree = "<group>";
		};
		0D9681D623ECD2B800AB0F9A /* LaunchScreen.storyboard */ = {
			isa = PBXVariantGroup;
			children = (
				0D9681D723ECD2B800AB0F9A /* Base */,
			);
			name = LaunchScreen.storyboard;
			sourceTree = "<group>";
		};
/* End PBXVariantGroup section */

/* Begin XCBuildConfiguration section */
		0D9681DA23ECD2B800AB0F9A /* Debug */ = {
			isa = XCBuildConfiguration;
			buildSettings = {
				ALWAYS_SEARCH_USER_PATHS = NO;
				CLANG_ANALYZER_NONNULL = YES;
				CLANG_ANALYZER_NUMBER_OBJECT_CONVERSION = YES_AGGRESSIVE;
				CLANG_CXX_LANGUAGE_STANDARD = "gnu++14";
				CLANG_CXX_LIBRARY = "libc++";
				CLANG_ENABLE_MODULES = YES;
				CLANG_ENABLE_OBJC_ARC = YES;
				CLANG_ENABLE_OBJC_WEAK = YES;
				CLANG_WARN_BLOCK_CAPTURE_AUTORELEASING = YES;
				CLANG_WARN_BOOL_CONVERSION = YES;
				CLANG_WARN_COMMA = YES;
				CLANG_WARN_CONSTANT_CONVERSION = YES;
				CLANG_WARN_DEPRECATED_OBJC_IMPLEMENTATIONS = YES;
				CLANG_WARN_DIRECT_OBJC_ISA_USAGE = YES_ERROR;
				CLANG_WARN_DOCUMENTATION_COMMENTS = YES;
				CLANG_WARN_EMPTY_BODY = YES;
				CLANG_WARN_ENUM_CONVERSION = YES;
				CLANG_WARN_INFINITE_RECURSION = YES;
				CLANG_WARN_INT_CONVERSION = YES;
				CLANG_WARN_NON_LITERAL_NULL_CONVERSION = YES;
				CLANG_WARN_OBJC_IMPLICIT_RETAIN_SELF = YES;
				CLANG_WARN_OBJC_LITERAL_CONVERSION = YES;
				CLANG_WARN_OBJC_ROOT_CLASS = YES_ERROR;
				CLANG_WARN_RANGE_LOOP_ANALYSIS = YES;
				CLANG_WARN_STRICT_PROTOTYPES = YES;
				CLANG_WARN_SUSPICIOUS_MOVE = YES;
				CLANG_WARN_UNGUARDED_AVAILABILITY = YES_AGGRESSIVE;
				CLANG_WARN_UNREACHABLE_CODE = YES;
				CLANG_WARN__DUPLICATE_METHOD_MATCH = YES;
				COPY_PHASE_STRIP = NO;
				DEBUG_INFORMATION_FORMAT = dwarf;
				ENABLE_STRICT_OBJC_MSGSEND = YES;
				ENABLE_TESTABILITY = YES;
				GCC_C_LANGUAGE_STANDARD = gnu11;
				GCC_DYNAMIC_NO_PIC = NO;
				GCC_NO_COMMON_BLOCKS = YES;
				GCC_OPTIMIZATION_LEVEL = 0;
				GCC_PREPROCESSOR_DEFINITIONS = (
					"DEBUG=1",
					"$(inherited)",
				);
				GCC_WARN_64_TO_32_BIT_CONVERSION = YES;
				GCC_WARN_ABOUT_RETURN_TYPE = YES_ERROR;
				GCC_WARN_UNDECLARED_SELECTOR = YES;
				GCC_WARN_UNINITIALIZED_AUTOS = YES_AGGRESSIVE;
				GCC_WARN_UNUSED_FUNCTION = YES;
				GCC_WARN_UNUSED_VARIABLE = YES;
				IPHONEOS_DEPLOYMENT_TARGET = 13.2;
				MTL_ENABLE_DEBUG_INFO = INCLUDE_SOURCE;
				MTL_FAST_MATH = YES;
				ONLY_ACTIVE_ARCH = YES;
				SDKROOT = iphoneos;
				SWIFT_ACTIVE_COMPILATION_CONDITIONS = DEBUG;
				SWIFT_OPTIMIZATION_LEVEL = "-Onone";
			};
			name = Debug;
		};
		0D9681DB23ECD2B800AB0F9A /* Release */ = {
			isa = XCBuildConfiguration;
			buildSettings = {
				ALWAYS_SEARCH_USER_PATHS = NO;
				CLANG_ANALYZER_NONNULL = YES;
				CLANG_ANALYZER_NUMBER_OBJECT_CONVERSION = YES_AGGRESSIVE;
				CLANG_CXX_LANGUAGE_STANDARD = "gnu++14";
				CLANG_CXX_LIBRARY = "libc++";
				CLANG_ENABLE_MODULES = YES;
				CLANG_ENABLE_OBJC_ARC = YES;
				CLANG_ENABLE_OBJC_WEAK = YES;
				CLANG_WARN_BLOCK_CAPTURE_AUTORELEASING = YES;
				CLANG_WARN_BOOL_CONVERSION = YES;
				CLANG_WARN_COMMA = YES;
				CLANG_WARN_CONSTANT_CONVERSION = YES;
				CLANG_WARN_DEPRECATED_OBJC_IMPLEMENTATIONS = YES;
				CLANG_WARN_DIRECT_OBJC_ISA_USAGE = YES_ERROR;
				CLANG_WARN_DOCUMENTATION_COMMENTS = YES;
				CLANG_WARN_EMPTY_BODY = YES;
				CLANG_WARN_ENUM_CONVERSION = YES;
				CLANG_WARN_INFINITE_RECURSION = YES;
				CLANG_WARN_INT_CONVERSION = YES;
				CLANG_WARN_NON_LITERAL_NULL_CONVERSION = YES;
				CLANG_WARN_OBJC_IMPLICIT_RETAIN_SELF = YES;
				CLANG_WARN_OBJC_LITERAL_CONVERSION = YES;
				CLANG_WARN_OBJC_ROOT_CLASS = YES_ERROR;
				CLANG_WARN_RANGE_LOOP_ANALYSIS = YES;
				CLANG_WARN_STRICT_PROTOTYPES = YES;
				CLANG_WARN_SUSPICIOUS_MOVE = YES;
				CLANG_WARN_UNGUARDED_AVAILABILITY = YES_AGGRESSIVE;
				CLANG_WARN_UNREACHABLE_CODE = YES;
				CLANG_WARN__DUPLICATE_METHOD_MATCH = YES;
				COPY_PHASE_STRIP = NO;
				DEBUG_INFORMATION_FORMAT = "dwarf-with-dsym";
				ENABLE_NS_ASSERTIONS = NO;
				ENABLE_STRICT_OBJC_MSGSEND = YES;
				GCC_C_LANGUAGE_STANDARD = gnu11;
				GCC_NO_COMMON_BLOCKS = YES;
				GCC_WARN_64_TO_32_BIT_CONVERSION = YES;
				GCC_WARN_ABOUT_RETURN_TYPE = YES_ERROR;
				GCC_WARN_UNDECLARED_SELECTOR = YES;
				GCC_WARN_UNINITIALIZED_AUTOS = YES_AGGRESSIVE;
				GCC_WARN_UNUSED_FUNCTION = YES;
				GCC_WARN_UNUSED_VARIABLE = YES;
				IPHONEOS_DEPLOYMENT_TARGET = 13.2;
				MTL_ENABLE_DEBUG_INFO = NO;
				MTL_FAST_MATH = YES;
				SDKROOT = iphoneos;
				SWIFT_COMPILATION_MODE = wholemodule;
				SWIFT_OPTIMIZATION_LEVEL = "-O";
				VALIDATE_PRODUCT = YES;
			};
			name = Release;
		};
		0D9681DD23ECD2B800AB0F9A /* Debug */ = {
			isa = XCBuildConfiguration;
			buildSettings = {
				ASSETCATALOG_COMPILER_APPICON_NAME = AppIcon;
				CODE_SIGN_STYLE = Automatic;
				DEVELOPMENT_TEAM = SPQ228P325;
				INFOPLIST_FILE = Jagmeet_kaur_Assignment_1/Info.plist;
				LD_RUNPATH_SEARCH_PATHS = (
					"$(inherited)",
					"@executable_path/Frameworks",
				);
				PRODUCT_BUNDLE_IDENTIFIER = "com.cestarCollege.Jagmeet-kaur-Assignment-1";
				PRODUCT_NAME = "$(TARGET_NAME)";
				SWIFT_VERSION = 5.0;
				TARGETED_DEVICE_FAMILY = "1,2";
			};
			name = Debug;
		};
		0D9681DE23ECD2B800AB0F9A /* Release */ = {
			isa = XCBuildConfiguration;
			buildSettings = {
				ASSETCATALOG_COMPILER_APPICON_NAME = AppIcon;
				CODE_SIGN_STYLE = Automatic;
				DEVELOPMENT_TEAM = SPQ228P325;
				INFOPLIST_FILE = Jagmeet_kaur_Assignment_1/Info.plist;
				LD_RUNPATH_SEARCH_PATHS = (
					"$(inherited)",
					"@executable_path/Frameworks",
				);
				PRODUCT_BUNDLE_IDENTIFIER = "com.cestarCollege.Jagmeet-kaur-Assignment-1";
				PRODUCT_NAME = "$(TARGET_NAME)";
				SWIFT_VERSION = 5.0;
				TARGETED_DEVICE_FAMILY = "1,2";
			};
			name = Release;
		};
/* End XCBuildConfiguration section */

/* Begin XCConfigurationList section */
		0D9681BF23ECD2B600AB0F9A /* Build configuration list for PBXProject "Jagmeet_kaur_Assignment_1" */ = {
			isa = XCConfigurationList;
			buildConfigurations = (
				0D9681DA23ECD2B800AB0F9A /* Debug */,
				0D9681DB23ECD2B800AB0F9A /* Release */,
			);
			defaultConfigurationIsVisible = 0;
			defaultConfigurationName = Release;
		};
		0D9681DC23ECD2B800AB0F9A /* Build configuration list for PBXNativeTarget "Jagmeet_kaur_Assignment_1" */ = {
			isa = XCConfigurationList;
			buildConfigurations = (
				0D9681DD23ECD2B800AB0F9A /* Debug */,
				0D9681DE23ECD2B800AB0F9A /* Release */,
			);
			defaultConfigurationIsVisible = 0;
			defaultConfigurationName = Release;
		};
/* End XCConfigurationList section */
	};
	rootObject = 0D9681BC23ECD2B600AB0F9A /* Project object */;
}
